<?xml version="1.0" encoding="UTF-8"?>
<Scheme LastUpgradeVersion="2620" version="1.7">
  <BuildAction parallelizeBuildables="YES" buildImplicitDependencies="YES">
    <BuildActionEntries>
      <BuildActionEntry buildForTesting="YES" buildForRunning="NO" buildForProfiling="NO" buildForArchiving="NO" buildForAnalyzing="YES">
        <BuildableReference BuildableIdentifier="primary" BlueprintIdentifier="A00000000000000000000050" BuildableName="libRiotKit.a" BlueprintName="RiotKit" ReferencedContainer="container:Riot.xcodeproj"/>
      </BuildActionEntry>
      <BuildActionEntry buildForTesting="YES" buildForRunning="NO" buildForProfiling="NO" buildForArchiving="NO" buildForAnalyzing="YES">
        <BuildableReference BuildableIdentifier="primary" BlueprintIdentifier="A00000000000000000000051" BuildableName="RiotTests.xctest" BlueprintName="RiotTests" ReferencedContainer="container:Riot.xcodeproj"/>
      </BuildActionEntry>
    </BuildActionEntries>
  </BuildAction>
  <TestAction buildConfiguration="Debug" selectedDebuggerIdentifier="Xcode.DebuggerFoundation.Debugger.LLDB" selectedLauncherIdentifier="Xcode.DebuggerFoundation.Launcher.LLDB" shouldUseLaunchSchemeArgsEnv="YES">
    <Testables>
      <TestableReference skipped="NO"><BuildableReference BuildableIdentifier="primary" BlueprintIdentifier="A00000000000000000000051" BuildableName="RiotTests.xctest" BlueprintName="RiotTests" ReferencedContainer="container:Riot.xcodeproj"/></TestableReference>
    </Testables>
  </TestAction>
  <LaunchAction buildConfiguration="Debug" selectedDebuggerIdentifier="Xcode.DebuggerFoundation.Debugger.LLDB" selectedLauncherIdentifier="Xcode.DebuggerFoundation.Launcher.LLDB" launchStyle="0" useCustomWorkingDirectory="NO" ignoresPersistentStateOnLaunch="NO" debugDocumentVersioning="YES" debugServiceExtension="internal" allowLocationSimulation="YES"/>
  <ProfileAction buildConfiguration="Release" shouldUseLaunchSchemeArgsEnv="YES" savedToolIdentifier="" useCustomWorkingDirectory="NO" debugDocumentVersioning="YES"/>
  <AnalyzeAction buildConfiguration="Debug"/>
  <ArchiveAction buildConfiguration="Release" revealArchiveInOrganizer="YES"/>
</Scheme>
