// !$*UTF8*$!
{
	archiveVersion = 1;
	classes = {};
	objectVersion = 77;
	objects = {
		C00000000000000000000001 = {isa = PBXGroup; children = (C00000000000000000000002, C00000000000000000000004); sourceTree = "<group>";};
		C00000000000000000000002 = {isa = PBXGroup; name = RiotKit; sourceTree = "<group>"; children = (C00000000000000000000011, C00000000000000000000012, C00000000000000000000017, C00000000000000000000014, C00000000000000000000019, C0000000000000000000001A, C0000000000000000000001B, C0000000000000000000001C, C0000000000000000000001D, C0000000000000000000001E, C00000000000000000000090, C00000000000000000000091, C00000000000000000000092, C00000000000000000000093, C00000000000000000000094, C00000000000000000000095, C00000000000000000000096);};
		C00000000000000000000004 = {isa = PBXGroup; name = Products; sourceTree = "<group>"; children = (C00000000000000000000005);};
		C00000000000000000000005 = {isa = PBXFileReference; explicitFileType = archive.ar; path = libRiotKit.a; sourceTree = BUILT_PRODUCTS_DIR;};
		C00000000000000000000011 = {isa = PBXFileReference; lastKnownFileType = sourcecode.swift; name = riot_ffi.swift; path = ../../build/generated/riot-ffi/riot_ffi.swift; sourceTree = SOURCE_ROOT;};
		C00000000000000000000012 = {isa = PBXFileReference; lastKnownFileType = sourcecode.swift; name = ProfileRepository.swift; path = ../ios/Riot/Core/ProfileRepository.swift; sourceTree = SOURCE_ROOT;};
		C00000000000000000000017 = {isa = PBXFileReference; lastKnownFileType = sourcecode.swift; name = WrappingKeyStore.swift; path = ../ios/Riot/Core/WrappingKeyStore.swift; sourceTree = SOURCE_ROOT;};
		C00000000000000000000014 = {isa = PBXFileReference; lastKnownFileType = sourcecode.swift; name = AppModel.swift; path = ../ios/Riot/AppModel.swift; sourceTree = SOURCE_ROOT;};
		C00000000000000000000019 = {isa = PBXFileReference; lastKnownFileType = sourcecode.swift; name = NearbyTransport.swift; path = ../ios/Riot/Transport/NearbyTransport.swift; sourceTree = SOURCE_ROOT;};
		C0000000000000000000001A = {isa = PBXFileReference; lastKnownFileType = sourcecode.swift; name = FrameCodec.swift; path = ../ios/Riot/Transport/FrameCodec.swift; sourceTree = SOURCE_ROOT;};
		C0000000000000000000001B = {isa = PBXFileReference; lastKnownFileType = sourcecode.swift; name = LocalNetworkChannel.swift; path = ../ios/Riot/Transport/LocalNetworkChannel.swift; sourceTree = SOURCE_ROOT;};
		C0000000000000000000001C = {isa = PBXFileReference; lastKnownFileType = sourcecode.swift; name = CoreBluetoothNearby.swift; path = ../ios/Riot/Transport/CoreBluetoothNearby.swift; sourceTree = SOURCE_ROOT;};
		C0000000000000000000001D = {isa = PBXFileReference; lastKnownFileType = sourcecode.swift; name = SyncCoordinator.swift; path = ../ios/Riot/Transport/SyncCoordinator.swift; sourceTree = SOURCE_ROOT;};
		C0000000000000000000001E = {isa = PBXFileReference; lastKnownFileType = sourcecode.swift; name = NearbyTransportController.swift; path = ../ios/Riot/Transport/NearbyTransportController.swift; sourceTree = SOURCE_ROOT;};
		C00000000000000000000090 = {isa = PBXFileReference; lastKnownFileType = sourcecode.swift; name = RiotTheme.swift; path = ../ios/Riot/Design/RiotTheme.swift; sourceTree = SOURCE_ROOT;};
		C00000000000000000000091 = {isa = PBXFileReference; lastKnownFileType = sourcecode.swift; name = RiotCard.swift; path = ../ios/Riot/Design/RiotCard.swift; sourceTree = SOURCE_ROOT;};
		C00000000000000000000092 = {isa = PBXFileReference; lastKnownFileType = sourcecode.swift; name = RiotButtonStyle.swift; path = ../ios/Riot/Design/RiotButtonStyle.swift; sourceTree = SOURCE_ROOT;};
		C00000000000000000000093 = {isa = PBXFileReference; lastKnownFileType = sourcecode.swift; name = RiotBadge.swift; path = ../ios/Riot/Design/RiotBadge.swift; sourceTree = SOURCE_ROOT;};
		C00000000000000000000094 = {isa = PBXFileReference; lastKnownFileType = sourcecode.swift; name = RiotHeader.swift; path = ../ios/Riot/Design/RiotHeader.swift; sourceTree = SOURCE_ROOT;};
		C00000000000000000000095 = {isa = PBXFileReference; lastKnownFileType = sourcecode.swift; name = RiotEmptyState.swift; path = ../ios/Riot/Design/RiotEmptyState.swift; sourceTree = SOURCE_ROOT;};
		C00000000000000000000096 = {isa = PBXFileReference; lastKnownFileType = sourcecode.swift; name = RiotTabBar.swift; path = ../ios/Riot/Design/RiotTabBar.swift; sourceTree = SOURCE_ROOT;};
		C00000000000000000000021 = {isa = PBXBuildFile; fileRef = C00000000000000000000011;};
		C00000000000000000000023 = {isa = PBXBuildFile; fileRef = C00000000000000000000012;};
		C00000000000000000000029 = {isa = PBXBuildFile; fileRef = C00000000000000000000017;};
		C00000000000000000000025 = {isa = PBXBuildFile; fileRef = C00000000000000000000014;};
		C0000000000000000000002B = {isa = PBXBuildFile; fileRef = C00000000000000000000019;};
		C0000000000000000000002C = {isa = PBXBuildFile; fileRef = C0000000000000000000001A;};
		C0000000000000000000002D = {isa = PBXBuildFile; fileRef = C0000000000000000000001B;};
		C0000000000000000000002E = {isa = PBXBuildFile; fileRef = C0000000000000000000001C;};
		C0000000000000000000002F = {isa = PBXBuildFile; fileRef = C0000000000000000000001D;};
		C00000000000000000000038 = {isa = PBXBuildFile; fileRef = C0000000000000000000001E;};
		C000000000000000000000A0 = {isa = PBXBuildFile; fileRef = C00000000000000000000090;};
		C000000000000000000000A1 = {isa = PBXBuildFile; fileRef = C00000000000000000000091;};
		C000000000000000000000A2 = {isa = PBXBuildFile; fileRef = C00000000000000000000092;};
		C000000000000000000000A3 = {isa = PBXBuildFile; fileRef = C00000000000000000000093;};
		C000000000000000000000A4 = {isa = PBXBuildFile; fileRef = C00000000000000000000094;};
		C000000000000000000000A5 = {isa = PBXBuildFile; fileRef = C00000000000000000000095;};
		C000000000000000000000A6 = {isa = PBXBuildFile; fileRef = C00000000000000000000096;};
		C00000000000000000000030 = {isa = PBXSourcesBuildPhase; buildActionMask = 2147483647; files = (C00000000000000000000021, C00000000000000000000023, C00000000000000000000029, C00000000000000000000025, C0000000000000000000002B, C0000000000000000000002C, C0000000000000000000002D, C0000000000000000000002E, C0000000000000000000002F, C00000000000000000000038, C000000000000000000000A0, C000000000000000000000A1, C000000000000000000000A2, C000000000000000000000A3, C000000000000000000000A4, C000000000000000000000A5, C000000000000000000000A6); runOnlyForDeploymentPostprocessing = 0;};
		C00000000000000000000032 = {isa = PBXFrameworksBuildPhase; buildActionMask = 2147483647; files = (); runOnlyForDeploymentPostprocessing = 0;};
		C00000000000000000000034 = {isa = PBXHeadersBuildPhase; buildActionMask = 2147483647; files = (); runOnlyForDeploymentPostprocessing = 0;};
		C00000000000000000000050 = {isa = PBXNativeTarget; buildConfigurationList = C00000000000000000000070; buildPhases = (C00000000000000000000034, C00000000000000000000030, C00000000000000000000032); buildRules = (); dependencies = (); name = "RiotKit-macOS"; productName = RiotKit; productReference = C00000000000000000000005; productType = "com.apple.product-type.library.static";};
		C00000000000000000000060 = {isa = PBXProject; attributes = {BuildIndependentTargetsInParallel = YES; LastSwiftUpdateCheck = 2620; LastUpgradeCheck = 2620; TargetAttributes = {C00000000000000000000050 = {CreatedOnToolsVersion = 26.2;};};}; buildConfigurationList = C00000000000000000000072; compatibilityVersion = "Xcode 16.0"; developmentRegion = en; hasScannedForEncodings = 0; knownRegions = (en, Base); mainGroup = C00000000000000000000001; productRefGroup = C00000000000000000000004; projectDirPath = ""; projectRoot = ""; targets = (C00000000000000000000050);};
		C00000000000000000000070 = {isa = XCConfigurationList; buildConfigurations = (C00000000000000000000080, C00000000000000000000081); defaultConfigurationIsVisible = 0; defaultConfigurationName = Release;};
		C00000000000000000000072 = {isa = XCConfigurationList; buildConfigurations = (C00000000000000000000084, C00000000000000000000085); defaultConfigurationIsVisible = 0; defaultConfigurationName = Release;};
		C00000000000000000000080 = {isa = XCBuildConfiguration; buildSettings = {ALWAYS_SEARCH_USER_PATHS = NO; ARCHS = arm64; CODE_SIGNING_ALLOWED = NO; DEFINES_MODULE = YES; ENABLE_TESTABILITY = YES; HEADER_SEARCH_PATHS = "$(SRCROOT)/../../build/generated/riot-ffi"; MACOSX_DEPLOYMENT_TARGET = 14.0; ONLY_ACTIVE_ARCH = YES; OTHER_SWIFT_FLAGS = "$(inherited) -Xcc -fmodule-map-file=$(SRCROOT)/../../build/generated/riot-ffi/riot_ffiFFI.modulemap"; PRODUCT_NAME = RiotKit; SDKROOT = macosx; SKIP_INSTALL = YES; SWIFT_OPTIMIZATION_LEVEL = "-Onone"; SWIFT_VERSION = 6.0;}; name = Debug;};
		C00000000000000000000081 = {isa = XCBuildConfiguration; buildSettings = {ALWAYS_SEARCH_USER_PATHS = NO; ARCHS = arm64; CODE_SIGNING_ALLOWED = NO; DEFINES_MODULE = YES; HEADER_SEARCH_PATHS = "$(SRCROOT)/../../build/generated/riot-ffi"; MACOSX_DEPLOYMENT_TARGET = 14.0; ONLY_ACTIVE_ARCH = YES; OTHER_SWIFT_FLAGS = "$(inherited) -Xcc -fmodule-map-file=$(SRCROOT)/../../build/generated/riot-ffi/riot_ffiFFI.modulemap"; PRODUCT_NAME = RiotKit; SDKROOT = macosx; SKIP_INSTALL = YES; SWIFT_VERSION = 6.0;}; name = Release;};
		C00000000000000000000084 = {isa = XCBuildConfiguration; buildSettings = {ARCHS = arm64; CODE_SIGNING_ALLOWED = NO; MACOSX_DEPLOYMENT_TARGET = 14.0; ONLY_ACTIVE_ARCH = YES; SDKROOT = macosx; SWIFT_VERSION = 6.0;}; name = Debug;};
		C00000000000000000000085 = {isa = XCBuildConfiguration; buildSettings = {ARCHS = arm64; CODE_SIGNING_ALLOWED = NO; MACOSX_DEPLOYMENT_TARGET = 14.0; ONLY_ACTIVE_ARCH = YES; SDKROOT = macosx; SWIFT_VERSION = 6.0;}; name = Release;};
	};
	rootObject = C00000000000000000000060;
}
