// !$*UTF8*$!
{
	archiveVersion = 1;
	classes = {};
	objectVersion = 77;
	objects = {
		A00000000000000000000001 = {isa = PBXGroup; children = (A00000000000000000000002, A00000000000000000000003, A00000000000000000000004); sourceTree = "<group>";};
		A00000000000000000000002 = {isa = PBXGroup; path = Riot; sourceTree = "<group>"; children = (A00000000000000000000012, A00000000000000000000017, A00000000000000000000014, A00000000000000000000015, A00000000000000000000016);};
		A00000000000000000000003 = {isa = PBXGroup; path = RiotTests; sourceTree = "<group>"; children = (A00000000000000000000010, A00000000000000000000013);};
		A00000000000000000000004 = {isa = PBXGroup; name = Products; sourceTree = "<group>"; children = (A00000000000000000000005, A00000000000000000000006, A00000000000000000000007);};
		A00000000000000000000005 = {isa = PBXFileReference; explicitFileType = archive.ar; path = libRiotKit.a; sourceTree = BUILT_PRODUCTS_DIR;};
		A00000000000000000000006 = {isa = PBXFileReference; explicitFileType = wrapper.cfbundle; path = RiotTests.xctest; sourceTree = BUILT_PRODUCTS_DIR;};
		A00000000000000000000007 = {isa = PBXFileReference; explicitFileType = wrapper.application; path = Riot.app; sourceTree = BUILT_PRODUCTS_DIR;};
		A00000000000000000000010 = {isa = PBXFileReference; lastKnownFileType = sourcecode.swift; path = BindingSemanticsTests.swift; sourceTree = "<group>";};
		A00000000000000000000011 = {isa = PBXFileReference; lastKnownFileType = sourcecode.swift; name = riot_ffi.swift; path = ../../build/generated/riot-ffi/riot_ffi.swift; sourceTree = SOURCE_ROOT;};
		A00000000000000000000012 = {isa = PBXFileReference; lastKnownFileType = sourcecode.swift; path = Core/ProfileRepository.swift; sourceTree = "<group>";};
		A00000000000000000000013 = {isa = PBXFileReference; lastKnownFileType = sourcecode.swift; path = ShellNavigationTests.swift; sourceTree = "<group>";};
		A00000000000000000000014 = {isa = PBXFileReference; lastKnownFileType = sourcecode.swift; path = AppModel.swift; sourceTree = "<group>";};
		A00000000000000000000015 = {isa = PBXFileReference; lastKnownFileType = sourcecode.swift; path = RiotApp.swift; sourceTree = "<group>";};
		A00000000000000000000016 = {isa = PBXFileReference; lastKnownFileType = sourcecode.swift; path = ConferenceShellView.swift; sourceTree = "<group>";};
		A00000000000000000000017 = {isa = PBXFileReference; lastKnownFileType = sourcecode.swift; path = Core/WrappingKeyStore.swift; sourceTree = "<group>";};
		A00000000000000000000020 = {isa = PBXBuildFile; fileRef = A00000000000000000000010;};
		A00000000000000000000021 = {isa = PBXBuildFile; fileRef = A00000000000000000000011;};
		A00000000000000000000022 = {isa = PBXBuildFile; fileRef = A00000000000000000000005;};
		A00000000000000000000023 = {isa = PBXBuildFile; fileRef = A00000000000000000000012;};
		A00000000000000000000024 = {isa = PBXBuildFile; fileRef = A00000000000000000000013;};
		A00000000000000000000025 = {isa = PBXBuildFile; fileRef = A00000000000000000000014;};
		A00000000000000000000026 = {isa = PBXBuildFile; fileRef = A00000000000000000000015;};
		A00000000000000000000027 = {isa = PBXBuildFile; fileRef = A00000000000000000000016;};
		A00000000000000000000028 = {isa = PBXBuildFile; fileRef = A00000000000000000000005;};
		A00000000000000000000029 = {isa = PBXBuildFile; fileRef = A00000000000000000000017;};
		A00000000000000000000030 = {isa = PBXSourcesBuildPhase; buildActionMask = 2147483647; files = (A00000000000000000000021, A00000000000000000000023, A00000000000000000000025, A00000000000000000000029); runOnlyForDeploymentPostprocessing = 0;};
		A00000000000000000000031 = {isa = PBXSourcesBuildPhase; buildActionMask = 2147483647; files = (A00000000000000000000020, A00000000000000000000024); runOnlyForDeploymentPostprocessing = 0;};
		A00000000000000000000032 = {isa = PBXFrameworksBuildPhase; buildActionMask = 2147483647; files = (); runOnlyForDeploymentPostprocessing = 0;};
		A00000000000000000000033 = {isa = PBXFrameworksBuildPhase; buildActionMask = 2147483647; files = (A00000000000000000000022); runOnlyForDeploymentPostprocessing = 0;};
		A00000000000000000000034 = {isa = PBXHeadersBuildPhase; buildActionMask = 2147483647; files = (); runOnlyForDeploymentPostprocessing = 0;};
		A00000000000000000000035 = {isa = PBXSourcesBuildPhase; buildActionMask = 2147483647; files = (A00000000000000000000026, A00000000000000000000027); runOnlyForDeploymentPostprocessing = 0;};
		A00000000000000000000036 = {isa = PBXFrameworksBuildPhase; buildActionMask = 2147483647; files = (A00000000000000000000028); runOnlyForDeploymentPostprocessing = 0;};
		A00000000000000000000037 = {isa = PBXResourcesBuildPhase; buildActionMask = 2147483647; files = (); runOnlyForDeploymentPostprocessing = 0;};
		A00000000000000000000040 = {isa = PBXContainerItemProxy; containerPortal = A00000000000000000000060; proxyType = 1; remoteGlobalIDString = A00000000000000000000050; remoteInfo = RiotKit;};
		A00000000000000000000041 = {isa = PBXTargetDependency; target = A00000000000000000000050; targetProxy = A00000000000000000000040;};
		A00000000000000000000042 = {isa = PBXContainerItemProxy; containerPortal = A00000000000000000000060; proxyType = 1; remoteGlobalIDString = A00000000000000000000050; remoteInfo = RiotKit;};
		A00000000000000000000043 = {isa = PBXTargetDependency; target = A00000000000000000000050; targetProxy = A00000000000000000000042;};
		A00000000000000000000050 = {isa = PBXNativeTarget; buildConfigurationList = A00000000000000000000070; buildPhases = (A00000000000000000000034, A00000000000000000000030, A00000000000000000000032); buildRules = (); dependencies = (); name = RiotKit; productName = RiotKit; productReference = A00000000000000000000005; productType = "com.apple.product-type.library.static";};
		A00000000000000000000051 = {isa = PBXNativeTarget; buildConfigurationList = A00000000000000000000071; buildPhases = (A00000000000000000000031, A00000000000000000000033); buildRules = (); dependencies = (A00000000000000000000041); name = RiotTests; productName = RiotTests; productReference = A00000000000000000000006; productType = "com.apple.product-type.bundle.unit-test";};
		A00000000000000000000052 = {isa = PBXNativeTarget; buildConfigurationList = A00000000000000000000073; buildPhases = (A00000000000000000000035, A00000000000000000000036, A00000000000000000000037); buildRules = (); dependencies = (A00000000000000000000043); name = Riot; productName = Riot; productReference = A00000000000000000000007; productType = "com.apple.product-type.application";};
		A00000000000000000000060 = {isa = PBXProject; attributes = {BuildIndependentTargetsInParallel = YES; LastSwiftUpdateCheck = 2620; LastUpgradeCheck = 2620; TargetAttributes = {A00000000000000000000050 = {CreatedOnToolsVersion = 26.2;}; A00000000000000000000051 = {CreatedOnToolsVersion = 26.2; TestTargetID = A00000000000000000000050;}; A00000000000000000000052 = {CreatedOnToolsVersion = 26.2;};};}; buildConfigurationList = A00000000000000000000072; compatibilityVersion = "Xcode 16.0"; developmentRegion = en; hasScannedForEncodings = 0; knownRegions = (en, Base); mainGroup = A00000000000000000000001; productRefGroup = A00000000000000000000004; projectDirPath = ""; projectRoot = ""; targets = (A00000000000000000000050, A00000000000000000000051, A00000000000000000000052);};
		A00000000000000000000070 = {isa = XCConfigurationList; buildConfigurations = (A00000000000000000000080, A00000000000000000000081); defaultConfigurationIsVisible = 0; defaultConfigurationName = Release;};
		A00000000000000000000071 = {isa = XCConfigurationList; buildConfigurations = (A00000000000000000000082, A00000000000000000000083); defaultConfigurationIsVisible = 0; defaultConfigurationName = Release;};
		A00000000000000000000072 = {isa = XCConfigurationList; buildConfigurations = (A00000000000000000000084, A00000000000000000000085); defaultConfigurationIsVisible = 0; defaultConfigurationName = Release;};
		A00000000000000000000073 = {isa = XCConfigurationList; buildConfigurations = (A00000000000000000000086, A00000000000000000000087); defaultConfigurationIsVisible = 0; defaultConfigurationName = Release;};
		A00000000000000000000080 = {isa = XCBuildConfiguration; buildSettings = {ALWAYS_SEARCH_USER_PATHS = NO; ARCHS = arm64; CODE_SIGNING_ALLOWED = NO; DEFINES_MODULE = YES; ENABLE_TESTABILITY = YES; HEADER_SEARCH_PATHS = "$(SRCROOT)/../../build/generated/riot-ffi"; IPHONEOS_DEPLOYMENT_TARGET = 17.0; ONLY_ACTIVE_ARCH = YES; OTHER_SWIFT_FLAGS = "$(inherited) -Xcc -fmodule-map-file=$(SRCROOT)/../../build/generated/riot-ffi/riot_ffiFFI.modulemap"; PRODUCT_NAME = RiotKit; SDKROOT = iphoneos; SKIP_INSTALL = YES; SWIFT_OPTIMIZATION_LEVEL = "-Onone"; SWIFT_VERSION = 6.0;}; name = Debug;};
		A00000000000000000000081 = {isa = XCBuildConfiguration; buildSettings = {ALWAYS_SEARCH_USER_PATHS = NO; ARCHS = arm64; CODE_SIGNING_ALLOWED = NO; DEFINES_MODULE = YES; HEADER_SEARCH_PATHS = "$(SRCROOT)/../../build/generated/riot-ffi"; IPHONEOS_DEPLOYMENT_TARGET = 17.0; ONLY_ACTIVE_ARCH = YES; OTHER_SWIFT_FLAGS = "$(inherited) -Xcc -fmodule-map-file=$(SRCROOT)/../../build/generated/riot-ffi/riot_ffiFFI.modulemap"; PRODUCT_NAME = RiotKit; SDKROOT = iphoneos; SKIP_INSTALL = YES; SWIFT_VERSION = 6.0;}; name = Release;};
		A00000000000000000000082 = {isa = XCBuildConfiguration; buildSettings = {ALWAYS_SEARCH_USER_PATHS = NO; BUNDLE_LOADER = ""; CODE_SIGNING_ALLOWED = NO; GENERATE_INFOPLIST_FILE = YES; HEADER_SEARCH_PATHS = "$(SRCROOT)/../../build/generated/riot-ffi"; IPHONEOS_DEPLOYMENT_TARGET = 17.0; LIBRARY_SEARCH_PATHS = "$(SRCROOT)/../../build/native/ios-simulator"; OTHER_LDFLAGS = "$(inherited) -lriot_ffi"; OTHER_SWIFT_FLAGS = "$(inherited) -Xcc -fmodule-map-file=$(SRCROOT)/../../build/generated/riot-ffi/riot_ffiFFI.modulemap"; PRODUCT_BUNDLE_IDENTIFIER = net.protest.riot.tests; PRODUCT_NAME = "$(TARGET_NAME)"; SDKROOT = iphoneos; SWIFT_VERSION = 6.0; TEST_HOST = "";}; name = Debug;};
		A00000000000000000000083 = {isa = XCBuildConfiguration; buildSettings = {ALWAYS_SEARCH_USER_PATHS = NO; BUNDLE_LOADER = ""; CODE_SIGNING_ALLOWED = NO; GENERATE_INFOPLIST_FILE = YES; HEADER_SEARCH_PATHS = "$(SRCROOT)/../../build/generated/riot-ffi"; IPHONEOS_DEPLOYMENT_TARGET = 17.0; LIBRARY_SEARCH_PATHS = "$(SRCROOT)/../../build/native/ios-simulator"; OTHER_LDFLAGS = "$(inherited) -lriot_ffi"; OTHER_SWIFT_FLAGS = "$(inherited) -Xcc -fmodule-map-file=$(SRCROOT)/../../build/generated/riot-ffi/riot_ffiFFI.modulemap"; PRODUCT_BUNDLE_IDENTIFIER = net.protest.riot.tests; PRODUCT_NAME = "$(TARGET_NAME)"; SDKROOT = iphoneos; SWIFT_VERSION = 6.0; TEST_HOST = "";}; name = Release;};
		A00000000000000000000084 = {isa = XCBuildConfiguration; buildSettings = {ARCHS = arm64; CODE_SIGNING_ALLOWED = NO; IPHONEOS_DEPLOYMENT_TARGET = 17.0; ONLY_ACTIVE_ARCH = YES; SDKROOT = iphoneos; SWIFT_VERSION = 6.0;}; name = Debug;};
		A00000000000000000000085 = {isa = XCBuildConfiguration; buildSettings = {ARCHS = arm64; CODE_SIGNING_ALLOWED = NO; IPHONEOS_DEPLOYMENT_TARGET = 17.0; ONLY_ACTIVE_ARCH = YES; SDKROOT = iphoneos; SWIFT_VERSION = 6.0;}; name = Release;};
		A00000000000000000000086 = {isa = XCBuildConfiguration; buildSettings = {ALWAYS_SEARCH_USER_PATHS = NO; ARCHS = arm64; CODE_SIGN_ENTITLEMENTS = Riot/Riot.entitlements; CODE_SIGNING_ALLOWED = YES; CURRENT_PROJECT_VERSION = 1; ENTITLEMENTS_ALLOWED = YES; GENERATE_INFOPLIST_FILE = YES; HEADER_SEARCH_PATHS = "$(SRCROOT)/../../build/generated/riot-ffi"; INFOPLIST_KEY_CFBundleDisplayName = Riot; IPHONEOS_DEPLOYMENT_TARGET = 17.0; LIBRARY_SEARCH_PATHS = "$(SRCROOT)/../../build/native/ios-simulator"; MARKETING_VERSION = 0.1; ONLY_ACTIVE_ARCH = YES; OTHER_LDFLAGS = "$(inherited) -lriot_ffi"; OTHER_SWIFT_FLAGS = "$(inherited) -Xcc -fmodule-map-file=$(SRCROOT)/../../build/generated/riot-ffi/riot_ffiFFI.modulemap"; PRODUCT_BUNDLE_IDENTIFIER = net.protest.riot; PRODUCT_NAME = "$(TARGET_NAME)"; RIOT_KEYCHAIN_ACCESS_GROUP = "$(AppIdentifierPrefix)$(PRODUCT_BUNDLE_IDENTIFIER)"; SDKROOT = iphoneos; SWIFT_VERSION = 6.0; TARGETED_DEVICE_FAMILY = "1,2";}; name = Debug;};
		A00000000000000000000087 = {isa = XCBuildConfiguration; buildSettings = {ALWAYS_SEARCH_USER_PATHS = NO; ARCHS = arm64; CODE_SIGN_ENTITLEMENTS = Riot/Riot.entitlements; CODE_SIGNING_ALLOWED = YES; CURRENT_PROJECT_VERSION = 1; ENTITLEMENTS_ALLOWED = YES; GENERATE_INFOPLIST_FILE = YES; HEADER_SEARCH_PATHS = "$(SRCROOT)/../../build/generated/riot-ffi"; INFOPLIST_KEY_CFBundleDisplayName = Riot; IPHONEOS_DEPLOYMENT_TARGET = 17.0; LIBRARY_SEARCH_PATHS = "$(SRCROOT)/../../build/native/ios-simulator"; MARKETING_VERSION = 0.1; ONLY_ACTIVE_ARCH = YES; OTHER_LDFLAGS = "$(inherited) -lriot_ffi"; OTHER_SWIFT_FLAGS = "$(inherited) -Xcc -fmodule-map-file=$(SRCROOT)/../../build/generated/riot-ffi/riot_ffiFFI.modulemap"; PRODUCT_BUNDLE_IDENTIFIER = net.protest.riot; PRODUCT_NAME = "$(TARGET_NAME)"; RIOT_KEYCHAIN_ACCESS_GROUP = "$(AppIdentifierPrefix)$(PRODUCT_BUNDLE_IDENTIFIER)"; SDKROOT = iphoneos; SWIFT_VERSION = 6.0; TARGETED_DEVICE_FAMILY = "1,2";}; name = Release;};
	};
	rootObject = A00000000000000000000060;
}
