// !$*UTF8*$!
{
	archiveVersion = 1;
	classes = {};
	objectVersion = 77;
	objects = {
		A00000000000000000000001 = {isa = PBXGroup; children = (A00000000000000000000002, A00000000000000000000003, B00000000000000000000003, A00000000000000000000004); sourceTree = "<group>";};
		A00000000000000000000002 = {isa = PBXGroup; path = Riot; sourceTree = "<group>"; children = (A00000000000000000000012, A00000000000000000000017, A00000000000000000000019, A000000000000000000000E4, A0000000000000000000001A, A0000000000000000000001B, A0000000000000000000001C, A0000000000000000000001D, A00000000000000000000301, A0000000000000000000001E, A00000000000000000000014, A00000000000000000000015, A00000000000000000000016, A00000000000000000000099, A0000000000000000000009A, A0000000000000000000009B, A0000000000000000000009C, A0000000000000000000009D, A00000000000000000000090, A00000000000000000000091, A00000000000000000000092, A00000000000000000000093, A00000000000000000000094, A00000000000000000000095, A00000000000000000000096, A00000000000000000000201, A00000000000000000000202, A00000000000000000000203, A00000000000000000000204, A00000000000000000000205, A000000000000000000000F4, A000000000000000000000F8, A000000000000000000000AD, A000000000000000000000DA, A000000000000000000000E0, A000000000000000000000E1, A00000000000000000000401, A00000000000000000000402, A00000000000000000000403, A00000000000000000000404, A00000000000000000000405, A00000000000000000000406);};
		A000000000000000000000AD = {isa = PBXGroup; path = Apps; sourceTree = "<group>"; children = (A000000000000000000000AE, A000000000000000000000B0, A000000000000000000000B2, A000000000000000000000B4, A000000000000000000000B6, A000000000000000000000C0, A000000000000000000000D4);};
		A000000000000000000000DA = {isa = PBXGroup; path = Directory; sourceTree = "<group>"; children = (A000000000000000000000D0, A000000000000000000000D2);};
		A00000000000000000000003 = {isa = PBXGroup; path = RiotTests; sourceTree = "<group>"; children = (A00000000000000000000010, A00000000000000000000013, A00000000000000000000018, A00000000000000000000303, A000000000000000000000E6, A00000000000000000000097, A00000000000000000000098, A000000000000000000000B8, A000000000000000000000BA, A000000000000000000000C2, A000000000000000000000D6, A000000000000000000000D8, A000000000000000000000F1, A00000000000000000000206, A000000000000000000000F6);};
		A00000000000000000000004 = {isa = PBXGroup; name = Products; sourceTree = "<group>"; children = (A00000000000000000000005, A00000000000000000000006, A00000000000000000000007, B00000000000000000000001);};
		B00000000000000000000003 = {isa = PBXGroup; path = RiotUITests; sourceTree = "<group>"; children = (B00000000000000000000002, B0000000000000000000000D);};
		A00000000000000000000005 = {isa = PBXFileReference; explicitFileType = archive.ar; path = libRiotKit.a; sourceTree = BUILT_PRODUCTS_DIR;};
		A00000000000000000000006 = {isa = PBXFileReference; explicitFileType = wrapper.cfbundle; path = RiotTests.xctest; sourceTree = BUILT_PRODUCTS_DIR;};
		A00000000000000000000007 = {isa = PBXFileReference; explicitFileType = wrapper.application; path = Riot.app; sourceTree = BUILT_PRODUCTS_DIR;};
		A00000000000000000000010 = {isa = PBXFileReference; lastKnownFileType = sourcecode.swift; path = BindingSemanticsTests.swift; sourceTree = "<group>";};
		A00000000000000000000011 = {isa = PBXFileReference; lastKnownFileType = sourcecode.swift; name = riot_ffi.swift; path = ../../build/generated/riot-ffi/riot_ffi.swift; sourceTree = SOURCE_ROOT;};
		A00000000000000000000012 = {isa = PBXFileReference; lastKnownFileType = sourcecode.swift; path = Core/ProfileRepository.swift; sourceTree = "<group>";};
		A00000000000000000000013 = {isa = PBXFileReference; lastKnownFileType = sourcecode.swift; path = ShellNavigationTests.swift; sourceTree = "<group>";};
		A00000000000000000000014 = {isa = PBXFileReference; lastKnownFileType = sourcecode.swift; path = AppModel.swift; sourceTree = "<group>";};
		A00000000000000000000015 = {isa = PBXFileReference; lastKnownFileType = sourcecode.swift; path = RiotApp.swift; sourceTree = "<group>";};
		A00000000000000000000016 = {isa = PBXFileReference; lastKnownFileType = sourcecode.swift; path = ConferenceShellView.swift; sourceTree = "<group>";};
		A00000000000000000000017 = {isa = PBXFileReference; lastKnownFileType = sourcecode.swift; path = Core/WrappingKeyStore.swift; sourceTree = "<group>";};
		A00000000000000000000018 = {isa = PBXFileReference; lastKnownFileType = sourcecode.swift; path = TransportContractTests.swift; sourceTree = "<group>";};
		A00000000000000000000019 = {isa = PBXFileReference; lastKnownFileType = sourcecode.swift; path = Transport/NearbyTransport.swift; sourceTree = "<group>";};
		A000000000000000000000E4 = {isa = PBXFileReference; lastKnownFileType = sourcecode.swift; path = Transport/LocalNetworkNearby.swift; sourceTree = "<group>";};
		A000000000000000000000E6 = {isa = PBXFileReference; lastKnownFileType = sourcecode.swift; path = LocalNetworkNearbyTests.swift; sourceTree = "<group>";};
		A0000000000000000000001A = {isa = PBXFileReference; lastKnownFileType = sourcecode.swift; path = Transport/FrameCodec.swift; sourceTree = "<group>";};
		A0000000000000000000001B = {isa = PBXFileReference; lastKnownFileType = sourcecode.swift; path = Transport/LocalNetworkChannel.swift; sourceTree = "<group>";};
		A0000000000000000000001C = {isa = PBXFileReference; lastKnownFileType = sourcecode.swift; path = Transport/CoreBluetoothNearby.swift; sourceTree = "<group>";};
		A0000000000000000000001D = {isa = PBXFileReference; lastKnownFileType = sourcecode.swift; path = Transport/SyncCoordinator.swift; sourceTree = "<group>";};
		A00000000000000000000301 = {isa = PBXFileReference; lastKnownFileType = sourcecode.swift; path = Transport/SpacePairing.swift; sourceTree = "<group>";};
		A00000000000000000000303 = {isa = PBXFileReference; lastKnownFileType = sourcecode.swift; path = SpaceAdoptionTests.swift; sourceTree = "<group>";};
		A0000000000000000000001E = {isa = PBXFileReference; lastKnownFileType = sourcecode.swift; path = Transport/NearbyTransportController.swift; sourceTree = "<group>";};
		A00000000000000000000099 = {isa = PBXFileReference; lastKnownFileType = file; path = Resources/Fonts/Anton-Regular.ttf; sourceTree = "<group>";};
		A0000000000000000000009A = {isa = PBXFileReference; lastKnownFileType = file; path = Resources/Fonts/WorkSans-Variable.ttf; sourceTree = "<group>";};
		A0000000000000000000009B = {isa = PBXFileReference; lastKnownFileType = file; path = Resources/Fonts/SpaceMono-Regular.ttf; sourceTree = "<group>";};
		A0000000000000000000009C = {isa = PBXFileReference; lastKnownFileType = file; path = Resources/Fonts/SpaceMono-Bold.ttf; sourceTree = "<group>";};
		A000000000000000000000E0 = {isa = PBXFileReference; lastKnownFileType = file; name = checklist.manifest.cbor; path = "../../fixtures/apps/checklist.manifest.cbor"; sourceTree = SOURCE_ROOT;};
		A000000000000000000000E1 = {isa = PBXFileReference; lastKnownFileType = file; name = checklist.bundle.cbor; path = "../../fixtures/apps/checklist.bundle.cbor"; sourceTree = SOURCE_ROOT;};
		A00000000000000000000401 = {isa = PBXFileReference; lastKnownFileType = file; name = supply-board.manifest.cbor; path = "../../fixtures/apps/supply-board.manifest.cbor"; sourceTree = SOURCE_ROOT;};
		A00000000000000000000402 = {isa = PBXFileReference; lastKnownFileType = file; name = supply-board.bundle.cbor; path = "../../fixtures/apps/supply-board.bundle.cbor"; sourceTree = SOURCE_ROOT;};
		A00000000000000000000403 = {isa = PBXFileReference; lastKnownFileType = file; name = roll-call.manifest.cbor; path = "../../fixtures/apps/roll-call.manifest.cbor"; sourceTree = SOURCE_ROOT;};
		A00000000000000000000404 = {isa = PBXFileReference; lastKnownFileType = file; name = roll-call.bundle.cbor; path = "../../fixtures/apps/roll-call.bundle.cbor"; sourceTree = SOURCE_ROOT;};
		A00000000000000000000405 = {isa = PBXFileReference; lastKnownFileType = file; name = quick-poll.manifest.cbor; path = "../../fixtures/apps/quick-poll.manifest.cbor"; sourceTree = SOURCE_ROOT;};
		A00000000000000000000406 = {isa = PBXFileReference; lastKnownFileType = file; name = quick-poll.bundle.cbor; path = "../../fixtures/apps/quick-poll.bundle.cbor"; sourceTree = SOURCE_ROOT;};
		A0000000000000000000009D = {isa = PBXFileReference; lastKnownFileType = text.plist.xml; path = Info.plist; sourceTree = "<group>";};
		A00000000000000000000097 = {isa = PBXFileReference; lastKnownFileType = sourcecode.swift; path = RiotThemeTests.swift; sourceTree = "<group>";};
		A00000000000000000000098 = {isa = PBXFileReference; lastKnownFileType = sourcecode.swift; path = RiotTabBarTests.swift; sourceTree = "<group>";};
		B00000000000000000000001 = {isa = PBXFileReference; explicitFileType = wrapper.cfbundle; path = RiotUITests.xctest; sourceTree = BUILT_PRODUCTS_DIR;};
		B00000000000000000000002 = {isa = PBXFileReference; lastKnownFileType = sourcecode.swift; path = RiotTabNavigationUITests.swift; sourceTree = "<group>";};
		B0000000000000000000000D = {isa = PBXFileReference; lastKnownFileType = sourcecode.swift; path = ChecklistFlowUITests.swift; sourceTree = "<group>";};
		A00000000000000000000090 = {isa = PBXFileReference; lastKnownFileType = sourcecode.swift; path = Design/RiotTheme.swift; sourceTree = "<group>";};
		A00000000000000000000091 = {isa = PBXFileReference; lastKnownFileType = sourcecode.swift; path = Design/RiotCard.swift; sourceTree = "<group>";};
		A00000000000000000000092 = {isa = PBXFileReference; lastKnownFileType = sourcecode.swift; path = Design/RiotButtonStyle.swift; sourceTree = "<group>";};
		A00000000000000000000093 = {isa = PBXFileReference; lastKnownFileType = sourcecode.swift; path = Design/RiotBadge.swift; sourceTree = "<group>";};
		A00000000000000000000094 = {isa = PBXFileReference; lastKnownFileType = sourcecode.swift; path = Design/RiotHeader.swift; sourceTree = "<group>";};
		A00000000000000000000095 = {isa = PBXFileReference; lastKnownFileType = sourcecode.swift; path = Design/RiotEmptyState.swift; sourceTree = "<group>";};
		A00000000000000000000096 = {isa = PBXFileReference; lastKnownFileType = sourcecode.swift; path = Design/RiotTabBar.swift; sourceTree = "<group>";};
		A00000000000000000000201 = {isa = PBXFileReference; lastKnownFileType = sourcecode.swift; path = Design/Motion/StampSlam.swift; sourceTree = "<group>";};
		A00000000000000000000202 = {isa = PBXFileReference; lastKnownFileType = sourcecode.swift; path = Design/Motion/SyncRipple.swift; sourceTree = "<group>";};
		A00000000000000000000203 = {isa = PBXFileReference; lastKnownFileType = sourcecode.swift; path = Design/Motion/RadarPairingView.swift; sourceTree = "<group>";};
		A00000000000000000000204 = {isa = PBXFileReference; lastKnownFileType = sourcecode.swift; path = Design/Motion/Haptics.swift; sourceTree = "<group>";};
		A00000000000000000000205 = {isa = PBXFileReference; lastKnownFileType = sourcecode.swift; path = Design/Motion/FinaleBanner.swift; sourceTree = "<group>";};
		A00000000000000000000206 = {isa = PBXFileReference; lastKnownFileType = sourcecode.swift; path = MotionTests.swift; sourceTree = "<group>";};
		A00000000000000000000211 = {isa = PBXBuildFile; fileRef = A00000000000000000000201;};
		A00000000000000000000212 = {isa = PBXBuildFile; fileRef = A00000000000000000000202;};
		A00000000000000000000213 = {isa = PBXBuildFile; fileRef = A00000000000000000000203;};
		A00000000000000000000214 = {isa = PBXBuildFile; fileRef = A00000000000000000000204;};
		A00000000000000000000215 = {isa = PBXBuildFile; fileRef = A00000000000000000000205;};
		A00000000000000000000216 = {isa = PBXBuildFile; fileRef = A00000000000000000000206;};
		A000000000000000000000AE = {isa = PBXFileReference; lastKnownFileType = sourcecode.swift; path = AppBundleCodec.swift; sourceTree = "<group>";};
		A000000000000000000000B0 = {isa = PBXFileReference; lastKnownFileType = sourcecode.swift; path = AppResourceResolver.swift; sourceTree = "<group>";};
		A000000000000000000000B2 = {isa = PBXFileReference; lastKnownFileType = sourcecode.swift; path = AppSchemeHandler.swift; sourceTree = "<group>";};
		A000000000000000000000B4 = {isa = PBXFileReference; lastKnownFileType = sourcecode.swift; path = RiotJS.swift; sourceTree = "<group>";};
		A000000000000000000000B6 = {isa = PBXFileReference; lastKnownFileType = sourcecode.swift; path = AppBridgeController.swift; sourceTree = "<group>";};
		A000000000000000000000C0 = {isa = PBXFileReference; lastKnownFileType = sourcecode.swift; path = AppRuntimeView.swift; sourceTree = "<group>";};
		A000000000000000000000B8 = {isa = PBXFileReference; lastKnownFileType = sourcecode.swift; path = AppRuntimeHostTests.swift; sourceTree = "<group>";};
		A000000000000000000000F1 = {isa = PBXFileReference; lastKnownFileType = sourcecode.swift; path = AppSyncReplicationTests.swift; sourceTree = "<group>";};
		A000000000000000000000F2 = {isa = PBXBuildFile; fileRef = A000000000000000000000F1;};
		A000000000000000000000BA = {isa = PBXFileReference; lastKnownFileType = sourcecode.swift; path = AppRepositoryTests.swift; sourceTree = "<group>";};
		A000000000000000000000C2 = {isa = PBXFileReference; lastKnownFileType = sourcecode.swift; path = ToolsSectionTests.swift; sourceTree = "<group>";};
		A000000000000000000000D0 = {isa = PBXFileReference; lastKnownFileType = sourcecode.swift; path = DirectoryModel.swift; sourceTree = "<group>";};
		A000000000000000000000D2 = {isa = PBXFileReference; lastKnownFileType = sourcecode.swift; path = DirectoryView.swift; sourceTree = "<group>";};
		A000000000000000000000D4 = {isa = PBXFileReference; lastKnownFileType = sourcecode.swift; path = AppReviewSheet.swift; sourceTree = "<group>";};
		A000000000000000000000D6 = {isa = PBXFileReference; lastKnownFileType = sourcecode.swift; path = DirectoryStorefrontTests.swift; sourceTree = "<group>";};
		A000000000000000000000D8 = {isa = PBXFileReference; lastKnownFileType = sourcecode.swift; path = DirectoryRepositoryTests.swift; sourceTree = "<group>";};
		A000000000000000000000D1 = {isa = PBXBuildFile; fileRef = A000000000000000000000D0;};
		A000000000000000000000D3 = {isa = PBXBuildFile; fileRef = A000000000000000000000D2;};
		A000000000000000000000D5 = {isa = PBXBuildFile; fileRef = A000000000000000000000D4;};
		A000000000000000000000D7 = {isa = PBXBuildFile; fileRef = A000000000000000000000D6;};
		A000000000000000000000D9 = {isa = PBXBuildFile; fileRef = A000000000000000000000D8;};
		A00000000000000000000020 = {isa = PBXBuildFile; fileRef = A00000000000000000000010;};
		A000000000000000000000BB = {isa = PBXBuildFile; fileRef = A000000000000000000000BA;};
		A000000000000000000000C3 = {isa = PBXBuildFile; fileRef = A000000000000000000000C2;};
		A000000000000000000000AF = {isa = PBXBuildFile; fileRef = A000000000000000000000AE;};
		A000000000000000000000B1 = {isa = PBXBuildFile; fileRef = A000000000000000000000B0;};
		A000000000000000000000B3 = {isa = PBXBuildFile; fileRef = A000000000000000000000B2;};
		A000000000000000000000B5 = {isa = PBXBuildFile; fileRef = A000000000000000000000B4;};
		A000000000000000000000B7 = {isa = PBXBuildFile; fileRef = A000000000000000000000B6;};
		A000000000000000000000C1 = {isa = PBXBuildFile; fileRef = A000000000000000000000C0;};
		A000000000000000000000B9 = {isa = PBXBuildFile; fileRef = A000000000000000000000B8;};
		A00000000000000000000021 = {isa = PBXBuildFile; fileRef = A00000000000000000000011;};
		A00000000000000000000022 = {isa = PBXBuildFile; fileRef = A00000000000000000000005;};
		A00000000000000000000023 = {isa = PBXBuildFile; fileRef = A00000000000000000000012;};
		A00000000000000000000024 = {isa = PBXBuildFile; fileRef = A00000000000000000000013;};
		A00000000000000000000025 = {isa = PBXBuildFile; fileRef = A00000000000000000000014;};
		A00000000000000000000026 = {isa = PBXBuildFile; fileRef = A00000000000000000000015;};
		A00000000000000000000027 = {isa = PBXBuildFile; fileRef = A00000000000000000000016;};
		A00000000000000000000028 = {isa = PBXBuildFile; fileRef = A00000000000000000000005;};
		A00000000000000000000029 = {isa = PBXBuildFile; fileRef = A00000000000000000000017;};
		A0000000000000000000002A = {isa = PBXBuildFile; fileRef = A00000000000000000000018;};
		A0000000000000000000002B = {isa = PBXBuildFile; fileRef = A00000000000000000000019;};
		A000000000000000000000E5 = {isa = PBXBuildFile; fileRef = A000000000000000000000E4;};
		A000000000000000000000E7 = {isa = PBXBuildFile; fileRef = A000000000000000000000E6;};
		A0000000000000000000002C = {isa = PBXBuildFile; fileRef = A0000000000000000000001A;};
		A0000000000000000000002D = {isa = PBXBuildFile; fileRef = A0000000000000000000001B;};
		A0000000000000000000002E = {isa = PBXBuildFile; fileRef = A0000000000000000000001C;};
		A0000000000000000000002F = {isa = PBXBuildFile; fileRef = A0000000000000000000001D;};
		A00000000000000000000302 = {isa = PBXBuildFile; fileRef = A00000000000000000000301;};
		A00000000000000000000304 = {isa = PBXBuildFile; fileRef = A00000000000000000000303;};
		A00000000000000000000038 = {isa = PBXBuildFile; fileRef = A0000000000000000000001E;};
		A000000000000000000000A9 = {isa = PBXBuildFile; fileRef = A00000000000000000000099;};
		A000000000000000000000AA = {isa = PBXBuildFile; fileRef = A0000000000000000000009A;};
		A000000000000000000000AB = {isa = PBXBuildFile; fileRef = A0000000000000000000009B;};
		A000000000000000000000AC = {isa = PBXBuildFile; fileRef = A0000000000000000000009C;};
		A000000000000000000000E2 = {isa = PBXBuildFile; fileRef = A000000000000000000000E0;};
		A000000000000000000000E3 = {isa = PBXBuildFile; fileRef = A000000000000000000000E1;};
		A00000000000000000000407 = {isa = PBXBuildFile; fileRef = A00000000000000000000401;};
		A00000000000000000000408 = {isa = PBXBuildFile; fileRef = A00000000000000000000402;};
		A00000000000000000000409 = {isa = PBXBuildFile; fileRef = A00000000000000000000403;};
		A0000000000000000000040A = {isa = PBXBuildFile; fileRef = A00000000000000000000404;};
		A0000000000000000000040B = {isa = PBXBuildFile; fileRef = A00000000000000000000405;};
		A0000000000000000000040C = {isa = PBXBuildFile; fileRef = A00000000000000000000406;};
		A000000000000000000000A7 = {isa = PBXBuildFile; fileRef = A00000000000000000000097;};
		A000000000000000000000A8 = {isa = PBXBuildFile; fileRef = A00000000000000000000098;};
		B00000000000000000000004 = {isa = PBXBuildFile; fileRef = B00000000000000000000002;};
		B0000000000000000000000E = {isa = PBXBuildFile; fileRef = B0000000000000000000000D;};
		A000000000000000000000A0 = {isa = PBXBuildFile; fileRef = A00000000000000000000090;};
		A000000000000000000000A1 = {isa = PBXBuildFile; fileRef = A00000000000000000000091;};
		A000000000000000000000A2 = {isa = PBXBuildFile; fileRef = A00000000000000000000092;};
		A000000000000000000000A3 = {isa = PBXBuildFile; fileRef = A00000000000000000000093;};
		A000000000000000000000A4 = {isa = PBXBuildFile; fileRef = A00000000000000000000094;};
		A000000000000000000000A5 = {isa = PBXBuildFile; fileRef = A00000000000000000000095;};
		A000000000000000000000A6 = {isa = PBXBuildFile; fileRef = A00000000000000000000096;};
		A000000000000000000000F4 = {isa = PBXFileReference; lastKnownFileType = sourcecode.swift; path = Demo/DemoMode.swift; sourceTree = "<group>";};
		A000000000000000000000F6 = {isa = PBXFileReference; lastKnownFileType = sourcecode.swift; path = DemoModeTests.swift; sourceTree = "<group>";};
		A000000000000000000000F8 = {isa = PBXFileReference; lastKnownFileType = file; name = "demo-space.riot-evidence"; path = "../../fixtures/demo/riverside/demo-space.riot-evidence"; sourceTree = SOURCE_ROOT;};
		A000000000000000000000F5 = {isa = PBXBuildFile; fileRef = A000000000000000000000F4;};
		A000000000000000000000F7 = {isa = PBXBuildFile; fileRef = A000000000000000000000F6;};
		A000000000000000000000F9 = {isa = PBXBuildFile; fileRef = A000000000000000000000F8;};
		A000000000000000000000FA = {isa = PBXBuildFile; fileRef = A000000000000000000000F8;};
		A000000000000000000000FB = {isa = PBXResourcesBuildPhase; buildActionMask = 2147483647; files = (A000000000000000000000FA); runOnlyForDeploymentPostprocessing = 0;};
		A00000000000000000000030 = {isa = PBXSourcesBuildPhase; buildActionMask = 2147483647; files = (A00000000000000000000021, A00000000000000000000023, A00000000000000000000025, A00000000000000000000029, A0000000000000000000002B, A000000000000000000000E5, A0000000000000000000002C, A0000000000000000000002D, A0000000000000000000002E, A0000000000000000000002F, A00000000000000000000302, A00000000000000000000038, A000000000000000000000A0, A000000000000000000000A1, A000000000000000000000A2, A000000000000000000000A3, A000000000000000000000A4, A000000000000000000000A5, A000000000000000000000A6, A000000000000000000000AF, A000000000000000000000B1, A000000000000000000000B3, A000000000000000000000B5, A000000000000000000000B7, A000000000000000000000C1, A000000000000000000000D1, A000000000000000000000D3, A000000000000000000000D5, A000000000000000000000F5, A00000000000000000000211, A00000000000000000000212, A00000000000000000000213, A00000000000000000000214, A00000000000000000000215); runOnlyForDeploymentPostprocessing = 0;};
		A00000000000000000000031 = {isa = PBXSourcesBuildPhase; buildActionMask = 2147483647; files = (A00000000000000000000020, A00000000000000000000024, A0000000000000000000002A, A00000000000000000000304, A000000000000000000000E7, A000000000000000000000A7, A000000000000000000000A8, A000000000000000000000B9, A000000000000000000000BB, A000000000000000000000C3, A000000000000000000000D7, A000000000000000000000D9, A000000000000000000000F2, A00000000000000000000216, A000000000000000000000F7); runOnlyForDeploymentPostprocessing = 0;};
		A00000000000000000000032 = {isa = PBXFrameworksBuildPhase; buildActionMask = 2147483647; files = (); runOnlyForDeploymentPostprocessing = 0;};
		A00000000000000000000033 = {isa = PBXFrameworksBuildPhase; buildActionMask = 2147483647; files = (A00000000000000000000022); runOnlyForDeploymentPostprocessing = 0;};
		A00000000000000000000034 = {isa = PBXHeadersBuildPhase; buildActionMask = 2147483647; files = (); runOnlyForDeploymentPostprocessing = 0;};
		A00000000000000000000035 = {isa = PBXSourcesBuildPhase; buildActionMask = 2147483647; files = (A00000000000000000000026, A00000000000000000000027); runOnlyForDeploymentPostprocessing = 0;};
		A00000000000000000000036 = {isa = PBXFrameworksBuildPhase; buildActionMask = 2147483647; files = (A00000000000000000000028); runOnlyForDeploymentPostprocessing = 0;};
		A00000000000000000000037 = {isa = PBXResourcesBuildPhase; buildActionMask = 2147483647; files = (A000000000000000000000A9, A000000000000000000000AA, A000000000000000000000AB, A000000000000000000000AC, A000000000000000000000E2, A000000000000000000000E3, A000000000000000000000F9, A00000000000000000000407, A00000000000000000000408, A00000000000000000000409, A0000000000000000000040A, A0000000000000000000040B, A0000000000000000000040C); runOnlyForDeploymentPostprocessing = 0;};
		B00000000000000000000005 = {isa = PBXSourcesBuildPhase; buildActionMask = 2147483647; files = (B00000000000000000000004, B0000000000000000000000E); runOnlyForDeploymentPostprocessing = 0;};
		B00000000000000000000006 = {isa = PBXFrameworksBuildPhase; buildActionMask = 2147483647; files = (); runOnlyForDeploymentPostprocessing = 0;};
		A00000000000000000000040 = {isa = PBXContainerItemProxy; containerPortal = A00000000000000000000060; proxyType = 1; remoteGlobalIDString = A00000000000000000000050; remoteInfo = RiotKit;};
		A00000000000000000000041 = {isa = PBXTargetDependency; target = A00000000000000000000050; targetProxy = A00000000000000000000040;};
		A00000000000000000000042 = {isa = PBXContainerItemProxy; containerPortal = A00000000000000000000060; proxyType = 1; remoteGlobalIDString = A00000000000000000000050; remoteInfo = RiotKit;};
		A00000000000000000000043 = {isa = PBXTargetDependency; target = A00000000000000000000050; targetProxy = A00000000000000000000042;};
		B00000000000000000000007 = {isa = PBXContainerItemProxy; containerPortal = A00000000000000000000060; proxyType = 1; remoteGlobalIDString = A00000000000000000000052; remoteInfo = Riot;};
		B00000000000000000000008 = {isa = PBXTargetDependency; target = A00000000000000000000052; targetProxy = B00000000000000000000007;};
		A00000000000000000000050 = {isa = PBXNativeTarget; buildConfigurationList = A00000000000000000000070; buildPhases = (A00000000000000000000034, A00000000000000000000030, A00000000000000000000032); buildRules = (); dependencies = (); name = RiotKit; productName = RiotKit; productReference = A00000000000000000000005; productType = "com.apple.product-type.library.static";};
		A00000000000000000000051 = {isa = PBXNativeTarget; buildConfigurationList = A00000000000000000000071; buildPhases = (A00000000000000000000031, A00000000000000000000033, A000000000000000000000FB); buildRules = (); dependencies = (A00000000000000000000041); name = RiotTests; productName = RiotTests; productReference = A00000000000000000000006; productType = "com.apple.product-type.bundle.unit-test";};
		A00000000000000000000052 = {isa = PBXNativeTarget; buildConfigurationList = A00000000000000000000073; buildPhases = (A00000000000000000000035, A00000000000000000000036, A00000000000000000000037); buildRules = (); dependencies = (A00000000000000000000043); name = Riot; productName = Riot; productReference = A00000000000000000000007; productType = "com.apple.product-type.application";};
		B00000000000000000000009 = {isa = PBXNativeTarget; buildConfigurationList = B0000000000000000000000A; buildPhases = (B00000000000000000000005, B00000000000000000000006); buildRules = (); dependencies = (B00000000000000000000008); name = RiotUITests; productName = RiotUITests; productReference = B00000000000000000000001; productType = "com.apple.product-type.bundle.ui-testing";};
		A00000000000000000000060 = {isa = PBXProject; attributes = {BuildIndependentTargetsInParallel = YES; LastSwiftUpdateCheck = 2620; LastUpgradeCheck = 2620; TargetAttributes = {A00000000000000000000050 = {CreatedOnToolsVersion = 26.2;}; A00000000000000000000051 = {CreatedOnToolsVersion = 26.2; TestTargetID = A00000000000000000000050;}; A00000000000000000000052 = {CreatedOnToolsVersion = 26.2;}; B00000000000000000000009 = {CreatedOnToolsVersion = 26.2; TestTargetID = A00000000000000000000052;};};}; buildConfigurationList = A00000000000000000000072; compatibilityVersion = "Xcode 16.0"; developmentRegion = en; hasScannedForEncodings = 0; knownRegions = (en, Base); mainGroup = A00000000000000000000001; productRefGroup = A00000000000000000000004; projectDirPath = ""; projectRoot = ""; targets = (A00000000000000000000050, A00000000000000000000051, A00000000000000000000052, B00000000000000000000009);};
		A00000000000000000000070 = {isa = XCConfigurationList; buildConfigurations = (A00000000000000000000080, A00000000000000000000081); defaultConfigurationIsVisible = 0; defaultConfigurationName = Release;};
		A00000000000000000000071 = {isa = XCConfigurationList; buildConfigurations = (A00000000000000000000082, A00000000000000000000083); defaultConfigurationIsVisible = 0; defaultConfigurationName = Release;};
		A00000000000000000000072 = {isa = XCConfigurationList; buildConfigurations = (A00000000000000000000084, A00000000000000000000085); defaultConfigurationIsVisible = 0; defaultConfigurationName = Release;};
		A00000000000000000000073 = {isa = XCConfigurationList; buildConfigurations = (A00000000000000000000086, A00000000000000000000087); defaultConfigurationIsVisible = 0; defaultConfigurationName = Release;};
		B0000000000000000000000A = {isa = XCConfigurationList; buildConfigurations = (B0000000000000000000000B, B0000000000000000000000C); defaultConfigurationIsVisible = 0; defaultConfigurationName = Release;};
		A00000000000000000000080 = {isa = XCBuildConfiguration; buildSettings = {ALWAYS_SEARCH_USER_PATHS = NO; ARCHS = arm64; CODE_SIGNING_ALLOWED = NO; DEFINES_MODULE = YES; ENABLE_TESTABILITY = YES; HEADER_SEARCH_PATHS = "$(SRCROOT)/../../build/generated/riot-ffi"; IPHONEOS_DEPLOYMENT_TARGET = 17.0; ONLY_ACTIVE_ARCH = YES; OTHER_SWIFT_FLAGS = "$(inherited) -Xcc -fmodule-map-file=$(SRCROOT)/../../build/generated/riot-ffi/riot_ffiFFI.modulemap"; PRODUCT_NAME = RiotKit; SDKROOT = iphoneos; SKIP_INSTALL = YES; SWIFT_OPTIMIZATION_LEVEL = "-Onone"; SWIFT_VERSION = 6.0;}; name = Debug;};
		A00000000000000000000081 = {isa = XCBuildConfiguration; buildSettings = {ALWAYS_SEARCH_USER_PATHS = NO; ARCHS = arm64; CODE_SIGNING_ALLOWED = NO; DEFINES_MODULE = YES; HEADER_SEARCH_PATHS = "$(SRCROOT)/../../build/generated/riot-ffi"; IPHONEOS_DEPLOYMENT_TARGET = 17.0; ONLY_ACTIVE_ARCH = YES; OTHER_SWIFT_FLAGS = "$(inherited) -Xcc -fmodule-map-file=$(SRCROOT)/../../build/generated/riot-ffi/riot_ffiFFI.modulemap"; PRODUCT_NAME = RiotKit; SDKROOT = iphoneos; SKIP_INSTALL = YES; SWIFT_VERSION = 6.0;}; name = Release;};
		A00000000000000000000082 = {isa = XCBuildConfiguration; buildSettings = {ALWAYS_SEARCH_USER_PATHS = NO; BUNDLE_LOADER = ""; CODE_SIGNING_ALLOWED = NO; GENERATE_INFOPLIST_FILE = YES; HEADER_SEARCH_PATHS = "$(SRCROOT)/../../build/generated/riot-ffi"; IPHONEOS_DEPLOYMENT_TARGET = 17.0; LIBRARY_SEARCH_PATHS = "$(SRCROOT)/../../build/native/ios-simulator"; OTHER_LDFLAGS = "$(inherited) -lriot_ffi"; OTHER_SWIFT_FLAGS = "$(inherited) -Xcc -fmodule-map-file=$(SRCROOT)/../../build/generated/riot-ffi/riot_ffiFFI.modulemap"; PRODUCT_BUNDLE_IDENTIFIER = net.protest.riot.tests; PRODUCT_NAME = "$(TARGET_NAME)"; SDKROOT = iphoneos; SWIFT_VERSION = 6.0; TEST_HOST = "";}; name = Debug;};
		A00000000000000000000083 = {isa = XCBuildConfiguration; buildSettings = {ALWAYS_SEARCH_USER_PATHS = NO; BUNDLE_LOADER = ""; CODE_SIGNING_ALLOWED = NO; GENERATE_INFOPLIST_FILE = YES; HEADER_SEARCH_PATHS = "$(SRCROOT)/../../build/generated/riot-ffi"; IPHONEOS_DEPLOYMENT_TARGET = 17.0; LIBRARY_SEARCH_PATHS = "$(SRCROOT)/../../build/native/ios-simulator"; OTHER_LDFLAGS = "$(inherited) -lriot_ffi"; OTHER_SWIFT_FLAGS = "$(inherited) -Xcc -fmodule-map-file=$(SRCROOT)/../../build/generated/riot-ffi/riot_ffiFFI.modulemap"; PRODUCT_BUNDLE_IDENTIFIER = net.protest.riot.tests; PRODUCT_NAME = "$(TARGET_NAME)"; SDKROOT = iphoneos; SWIFT_VERSION = 6.0; TEST_HOST = "";}; name = Release;};
		A00000000000000000000084 = {isa = XCBuildConfiguration; buildSettings = {ARCHS = arm64; CODE_SIGNING_ALLOWED = NO; IPHONEOS_DEPLOYMENT_TARGET = 17.0; ONLY_ACTIVE_ARCH = YES; SDKROOT = iphoneos; SWIFT_VERSION = 6.0;}; name = Debug;};
		A00000000000000000000085 = {isa = XCBuildConfiguration; buildSettings = {ARCHS = arm64; CODE_SIGNING_ALLOWED = NO; IPHONEOS_DEPLOYMENT_TARGET = 17.0; ONLY_ACTIVE_ARCH = YES; SDKROOT = iphoneos; SWIFT_VERSION = 6.0;}; name = Release;};
		A00000000000000000000086 = {isa = XCBuildConfiguration; buildSettings = {ALWAYS_SEARCH_USER_PATHS = NO; ARCHS = arm64; CODE_SIGN_ENTITLEMENTS = Riot/Riot.entitlements; CODE_SIGNING_ALLOWED = YES; CURRENT_PROJECT_VERSION = 1; ENTITLEMENTS_ALLOWED = YES; GENERATE_INFOPLIST_FILE = YES; INFOPLIST_FILE = Riot/Info.plist; HEADER_SEARCH_PATHS = "$(SRCROOT)/../../build/generated/riot-ffi"; INFOPLIST_KEY_CFBundleDisplayName = Riot; INFOPLIST_KEY_UILaunchScreen_Generation = YES; INFOPLIST_KEY_NSBluetoothAlwaysUsageDescription = "Find nearby Riot phones you choose to connect with."; INFOPLIST_KEY_NSLocalNetworkUsageDescription = "Connect directly to a nearby Riot phone without using the internet."; IPHONEOS_DEPLOYMENT_TARGET = 17.0; LIBRARY_SEARCH_PATHS = ""; "LIBRARY_SEARCH_PATHS[sdk=iphoneos*]" = "$(SRCROOT)/../../build/native/ios-device"; "LIBRARY_SEARCH_PATHS[sdk=iphonesimulator*]" = "$(SRCROOT)/../../build/native/ios-simulator"; MARKETING_VERSION = 0.1; ONLY_ACTIVE_ARCH = YES; OTHER_LDFLAGS = "$(inherited) -lriot_ffi"; OTHER_SWIFT_FLAGS = "$(inherited) -Xcc -fmodule-map-file=$(SRCROOT)/../../build/generated/riot-ffi/riot_ffiFFI.modulemap"; DEVELOPMENT_TEAM = GZCZBKH7MY; CODE_SIGN_STYLE = Automatic; PRODUCT_BUNDLE_IDENTIFIER = net.protest.riot; PRODUCT_NAME = "$(TARGET_NAME)"; RIOT_KEYCHAIN_ACCESS_GROUP = "$(AppIdentifierPrefix)$(PRODUCT_BUNDLE_IDENTIFIER)"; SDKROOT = iphoneos; SWIFT_VERSION = 6.0; TARGETED_DEVICE_FAMILY = "1,2";}; name = Debug;};
		A00000000000000000000087 = {isa = XCBuildConfiguration; buildSettings = {ALWAYS_SEARCH_USER_PATHS = NO; ARCHS = arm64; CODE_SIGN_ENTITLEMENTS = Riot/Riot.entitlements; CODE_SIGNING_ALLOWED = YES; CURRENT_PROJECT_VERSION = 1; ENTITLEMENTS_ALLOWED = YES; GENERATE_INFOPLIST_FILE = YES; INFOPLIST_FILE = Riot/Info.plist; HEADER_SEARCH_PATHS = "$(SRCROOT)/../../build/generated/riot-ffi"; INFOPLIST_KEY_CFBundleDisplayName = Riot; INFOPLIST_KEY_UILaunchScreen_Generation = YES; INFOPLIST_KEY_NSBluetoothAlwaysUsageDescription = "Find nearby Riot phones you choose to connect with."; INFOPLIST_KEY_NSLocalNetworkUsageDescription = "Connect directly to a nearby Riot phone without using the internet."; IPHONEOS_DEPLOYMENT_TARGET = 17.0; LIBRARY_SEARCH_PATHS = ""; "LIBRARY_SEARCH_PATHS[sdk=iphoneos*]" = "$(SRCROOT)/../../build/native/ios-device"; "LIBRARY_SEARCH_PATHS[sdk=iphonesimulator*]" = "$(SRCROOT)/../../build/native/ios-simulator"; MARKETING_VERSION = 0.1; ONLY_ACTIVE_ARCH = YES; OTHER_LDFLAGS = "$(inherited) -lriot_ffi"; OTHER_SWIFT_FLAGS = "$(inherited) -Xcc -fmodule-map-file=$(SRCROOT)/../../build/generated/riot-ffi/riot_ffiFFI.modulemap"; DEVELOPMENT_TEAM = GZCZBKH7MY; CODE_SIGN_STYLE = Automatic; PRODUCT_BUNDLE_IDENTIFIER = net.protest.riot; PRODUCT_NAME = "$(TARGET_NAME)"; RIOT_KEYCHAIN_ACCESS_GROUP = "$(AppIdentifierPrefix)$(PRODUCT_BUNDLE_IDENTIFIER)"; SDKROOT = iphoneos; SWIFT_VERSION = 6.0; TARGETED_DEVICE_FAMILY = "1,2";}; name = Release;};
		B0000000000000000000000B = {isa = XCBuildConfiguration; buildSettings = {ALWAYS_SEARCH_USER_PATHS = NO; CODE_SIGNING_ALLOWED = NO; GENERATE_INFOPLIST_FILE = YES; IPHONEOS_DEPLOYMENT_TARGET = 17.0; PRODUCT_BUNDLE_IDENTIFIER = net.protest.riot.uitests; PRODUCT_NAME = "$(TARGET_NAME)"; SDKROOT = iphoneos; SWIFT_VERSION = 6.0; TEST_TARGET_NAME = Riot;}; name = Debug;};
		B0000000000000000000000C = {isa = XCBuildConfiguration; buildSettings = {ALWAYS_SEARCH_USER_PATHS = NO; CODE_SIGNING_ALLOWED = NO; GENERATE_INFOPLIST_FILE = YES; IPHONEOS_DEPLOYMENT_TARGET = 17.0; PRODUCT_BUNDLE_IDENTIFIER = net.protest.riot.uitests; PRODUCT_NAME = "$(TARGET_NAME)"; SDKROOT = iphoneos; SWIFT_VERSION = 6.0; TEST_TARGET_NAME = Riot;}; name = Release;};
	};
	rootObject = A00000000000000000000060;
}
